
Microsoft Visual Studio Solution File, Format Version 12.00
# Visual Studio Version 17
VisualStudioVersion = 17.7.34018.315
MinimumVisualStudioVersion = 10.0.40219.1
Project("{8BC9CEB8-8B4A-11D0-8D11-00A0C91BC942}") = "CalculatorRedo", "CalculatorRedo.vcxproj", "{7A1C9D07-4A55-4F78-8F9E-4E0B7BFEF0F9}"
EndProject
Global
	GlobalSection(SolutionConfigurationPlatforms) = preSolution
		Debug|x64 = Debug|x64
		Debug|x86 = Debug|x86
		Release|x64 = Release|x64
		Release|x86 = Release|x86
	EndGlobalSection
	GlobalSection(ProjectConfigurationPlatforms) = postSolution
		{7A1C9D07-4A55-4F78-8F9E-4E0B7BFEF0F9}.Debug|x64.ActiveCfg = Debug|x64
		{7A1C9D07-4A55-4F78-8F9E-4E0B7BFEF0F9}.Debug|x64.Build.0 = Debug|x64
		{7A1C9D07-4A55-4F78-8F9E-4E0B7BFEF0F9}.Debug|x86.ActiveCfg = Debug|Win32
		{7A1C9D07-4A55-4F78-8F9E-4E0B7BFEF0F9}.Debug|x86.Build.0 = Debug|Win32
		{7A1C9D07-4A55-4F78-8F9E-4E0B7BFEF0F9}.Release|x64.ActiveCfg = Release|x64
		{7A1C9D07-4A55-4F78-8F9E-4E0B7BFEF0F9}.Release|x64.Build.0 = Release|x64
		{7A1C9D07-4A55-4F78-8F9E-4E0B7BFEF0F9}.Release|x86.ActiveCfg = Release|Win32
		{7A1C9D07-4A55-4F78-8F9E-4E0B7BFEF0F9}.Release|x86.Build.0 = Release|Win32
	EndGlobalSection
	GlobalSection(SolutionProperties) = preSolution
		HideSolutionNode = FALSE
	EndGlobalSection
	GlobalSection(ExtensibilityGlobals) = postSolution
		SolutionGuid = {E7B4368D-F62E-4256-A184-42563FF9D02D}
	EndGlobalSection
EndGlobal
